
Microsoft Visual Studio Solution File, Format Version 12.00
# Visual Studio Version 16
VisualStudioVersion = 16.0.31205.134
MinimumVisualStudioVersion = 10.0.40219.1
Project("{FAE04EC0-301F-11D3-BF4B-00C04F79EFBC}") = "Practice", "Practice\Practice.csproj", "{F541D6FC-2238-45A4-B207-C6E5B677DA3D}"
EndProject
Global
	GlobalSection(SolutionConfigurationPlatforms) = preSolution
		Debug|Any CPU = Debug|Any CPU
		Release|Any CPU = Release|Any CPU
	EndGlobalSection
	GlobalSection(ProjectConfigurationPlatforms) = postSolution
		{F541D6FC-2238-45A4-B207-C6E5B677DA3D}.Debug|Any CPU.ActiveCfg = Debug|Any CPU
		{F541D6FC-2238-45A4-B207-C6E5B677DA3D}.Debug|Any CPU.Build.0 = Debug|Any CPU
		{F541D6FC-2238-45A4-B207-C6E5B677DA3D}.Release|Any CPU.ActiveCfg = Release|Any CPU
		{F541D6FC-2238-45A4-B207-C6E5B677DA3D}.Release|Any CPU.Build.0 = Release|Any CPU
	EndGlobalSection
	GlobalSection(SolutionProperties) = preSolution
		HideSolutionNode = FALSE
	EndGlobalSection
	GlobalSection(ExtensibilityGlobals) = postSolution
		SolutionGuid = {12CAC916-6C5D-4F82-89EC-CD1C1ABF6427}
	EndGlobalSection
EndGlobal
